{
  "requires": true,
  "lockfileVersion": 1,
  "dependencies": {
    "angluar-cli": {
      "version": "0.0.2-security",
      "resolved": "https://registry.npmjs.org/angluar-cli/-/angluar-cli-0.0.2-security.tgz",
      "integrity": "sha512-BRWc0oUZJDIo2qq2zy8owwmJgL4svJ4uaBuIwOsz3pDwcLoqH6vDNKSInMlDWd4PCe+D19qOm9KPosMCnu36pQ=="
    }
  }
}
